
Microsoft Visual Studio Solution File, Format Version 12.00
# Visual Studio Version 16
VisualStudioVersion = 16.0.30114.105
MinimumVisualStudioVersion = 10.0.40219.1
Project("{FAE04EC0-301F-11D3-BF4B-00C04F79EFBC}") = "Espuchi.Core", "Espuchi.Core\Espuchi.Core.csproj", "{CC8D3E18-AE1D-4DDB-AF3E-6540CF50BB06}"
EndProject
Project("{FAE04EC0-301F-11D3-BF4B-00C04F79EFBC}") = "Espuchi.AdoEt12", "Espuchi.AdoEt12\Espuchi.AdoEt12.csproj", "{A4D796D0-997D-415D-A398-580E6905DBD0}"
EndProject
Global
	GlobalSection(SolutionConfigurationPlatforms) = preSolution
		Debug|Any CPU = Debug|Any CPU
		Release|Any CPU = Release|Any CPU
	EndGlobalSection
	GlobalSection(SolutionProperties) = preSolution
		HideSolutionNode = FALSE
	EndGlobalSection
	GlobalSection(ProjectConfigurationPlatforms) = postSolution
		{CC8D3E18-AE1D-4DDB-AF3E-6540CF50BB06}.Debug|Any CPU.ActiveCfg = Debug|Any CPU
		{CC8D3E18-AE1D-4DDB-AF3E-6540CF50BB06}.Debug|Any CPU.Build.0 = Debug|Any CPU
		{CC8D3E18-AE1D-4DDB-AF3E-6540CF50BB06}.Release|Any CPU.ActiveCfg = Release|Any CPU
		{CC8D3E18-AE1D-4DDB-AF3E-6540CF50BB06}.Release|Any CPU.Build.0 = Release|Any CPU
		{A4D796D0-997D-415D-A398-580E6905DBD0}.Debug|Any CPU.ActiveCfg = Debug|Any CPU
		{A4D796D0-997D-415D-A398-580E6905DBD0}.Debug|Any CPU.Build.0 = Debug|Any CPU
		{A4D796D0-997D-415D-A398-580E6905DBD0}.Release|Any CPU.ActiveCfg = Release|Any CPU
		{A4D796D0-997D-415D-A398-580E6905DBD0}.Release|Any CPU.Build.0 = Release|Any CPU
	EndGlobalSection
EndGlobal
